
Microsoft Visual Studio Solution File, Format Version 12.00
# Visual Studio Version 16
VisualStudioVersion = 16.0.31205.134
MinimumVisualStudioVersion = 10.0.40219.1
Project("{FAE04EC0-301F-11D3-BF4B-00C04F79EFBC}") = "ApiDiagnostics", "ApiDiagnostics\ApiDiagnostics.csproj", "{9DDF0526-1B97-4554-B724-4B21D0D11D86}"
EndProject
Global
	GlobalSection(SolutionConfigurationPlatforms) = preSolution
		Debug|Any CPU = Debug|Any CPU
		Release|Any CPU = Release|Any CPU
	EndGlobalSection
	GlobalSection(ProjectConfigurationPlatforms) = postSolution
		{9DDF0526-1B97-4554-B724-4B21D0D11D86}.Debug|Any CPU.ActiveCfg = Debug|Any CPU
		{9DDF0526-1B97-4554-B724-4B21D0D11D86}.Debug|Any CPU.Build.0 = Debug|Any CPU
		{9DDF0526-1B97-4554-B724-4B21D0D11D86}.Release|Any CPU.ActiveCfg = Release|Any CPU
		{9DDF0526-1B97-4554-B724-4B21D0D11D86}.Release|Any CPU.Build.0 = Release|Any CPU
	EndGlobalSection
	GlobalSection(SolutionProperties) = preSolution
		HideSolutionNode = FALSE
	EndGlobalSection
	GlobalSection(ExtensibilityGlobals) = postSolution
		SolutionGuid = {EBFBD4F5-5202-410D-93A1-49A76F201AF6}
	EndGlobalSection
EndGlobal
